Microsoft Visual Studio Solution File, Format Version 12.00
# Visual Studio Version 17
VisualStudioVersion = 17.5.2.0
MinimumVisualStudioVersion = 10.0.40219.1
Project("{FAE04EC0-301F-11D3-BF4B-00C04F79EFBC}") = "update-debian-dotnet", "update-debian-dotnet.csproj", "{B974F0C5-F744-E0C0-55F4-654C3B683C7F}"
EndProject
Global
	GlobalSection(SolutionConfigurationPlatforms) = preSolution
		Debug|Any CPU = Debug|Any CPU
		Release|Any CPU = Release|Any CPU
	EndGlobalSection
	GlobalSection(ProjectConfigurationPlatforms) = postSolution
		{B974F0C5-F744-E0C0-55F4-654C3B683C7F}.Debug|Any CPU.ActiveCfg = Debug|Any CPU
		{B974F0C5-F744-E0C0-55F4-654C3B683C7F}.Debug|Any CPU.Build.0 = Debug|Any CPU
		{B974F0C5-F744-E0C0-55F4-654C3B683C7F}.Release|Any CPU.ActiveCfg = Release|Any CPU
		{B974F0C5-F744-E0C0-55F4-654C3B683C7F}.Release|Any CPU.Build.0 = Release|Any CPU
	EndGlobalSection
	GlobalSection(SolutionProperties) = preSolution
		HideSolutionNode = FALSE
	EndGlobalSection
	GlobalSection(ExtensibilityGlobals) = postSolution
		SolutionGuid = {B6CCAF50-BEB1-4FB0-9BE7-5BF9BC0546E9}
	EndGlobalSection
EndGlobal
